
Microsoft Visual Studio Solution File, Format Version 12.00
# Visual Studio Version 17
VisualStudioVersion = 17.7.34031.279
MinimumVisualStudioVersion = 10.0.40219.1
Project("{FAE04EC0-301F-11D3-BF4B-00C04F79EFBC}") = "Taipe14.Android", "Taipe14\Taipe14.Android\Taipe14.Android.csproj", "{E29CB044-0DED-491F-B81B-3A26CDFDC151}"
EndProject
Project("{FAE04EC0-301F-11D3-BF4B-00C04F79EFBC}") = "Taipe14.iOS", "Taipe14\Taipe14.iOS\Taipe14.iOS.csproj", "{85E2507F-3570-4E1D-B2F7-1C728DC5E57C}"
EndProject
Project("{FAE04EC0-301F-11D3-BF4B-00C04F79EFBC}") = "Taipe14", "Taipe14\Taipe14\Taipe14.csproj", "{4AECCAA9-F0A0-44E8-B8A8-C6AB2E8E43D3}"
EndProject
Global
	GlobalSection(SolutionConfigurationPlatforms) = preSolution
		Debug|Any CPU = Debug|Any CPU
		Debug|iPhone = Debug|iPhone
		Debug|iPhoneSimulator = Debug|iPhoneSimulator
		Release|Any CPU = Release|Any CPU
		Release|iPhone = Release|iPhone
		Release|iPhoneSimulator = Release|iPhoneSimulator
	EndGlobalSection
	GlobalSection(ProjectConfigurationPlatforms) = postSolution
		{E29CB044-0DED-491F-B81B-3A26CDFDC151}.Debug|Any CPU.ActiveCfg = Debug|Any CPU
		{E29CB044-0DED-491F-B81B-3A26CDFDC151}.Debug|Any CPU.Build.0 = Debug|Any CPU
		{E29CB044-0DED-491F-B81B-3A26CDFDC151}.Debug|Any CPU.Deploy.0 = Debug|Any CPU
		{E29CB044-0DED-491F-B81B-3A26CDFDC151}.Debug|iPhone.ActiveCfg = Debug|Any CPU
		{E29CB044-0DED-491F-B81B-3A26CDFDC151}.Debug|iPhone.Build.0 = Debug|Any CPU
		{E29CB044-0DED-491F-B81B-3A26CDFDC151}.Debug|iPhone.Deploy.0 = Debug|Any CPU
		{E29CB044-0DED-491F-B81B-3A26CDFDC151}.Debug|iPhoneSimulator.ActiveCfg = Debug|Any CPU
		{E29CB044-0DED-491F-B81B-3A26CDFDC151}.Debug|iPhoneSimulator.Build.0 = Debug|Any CPU
		{E29CB044-0DED-491F-B81B-3A26CDFDC151}.Debug|iPhoneSimulator.Deploy.0 = Debug|Any CPU
		{E29CB044-0DED-491F-B81B-3A26CDFDC151}.Release|Any CPU.ActiveCfg = Release|Any CPU
		{E29CB044-0DED-491F-B81B-3A26CDFDC151}.Release|Any CPU.Build.0 = Release|Any CPU
		{E29CB044-0DED-491F-B81B-3A26CDFDC151}.Release|Any CPU.Deploy.0 = Release|Any CPU
		{E29CB044-0DED-491F-B81B-3A26CDFDC151}.Release|iPhone.ActiveCfg = Release|Any CPU
		{E29CB044-0DED-491F-B81B-3A26CDFDC151}.Release|iPhone.Build.0 = Release|Any CPU
		{E29CB044-0DED-491F-B81B-3A26CDFDC151}.Release|iPhone.Deploy.0 = Release|Any CPU
		{E29CB044-0DED-491F-B81B-3A26CDFDC151}.Release|iPhoneSimulator.ActiveCfg = Release|Any CPU
		{E29CB044-0DED-491F-B81B-3A26CDFDC151}.Release|iPhoneSimulator.Build.0 = Release|Any CPU
		{E29CB044-0DED-491F-B81B-3A26CDFDC151}.Release|iPhoneSimulator.Deploy.0 = Release|Any CPU
		{85E2507F-3570-4E1D-B2F7-1C728DC5E57C}.Debug|Any CPU.ActiveCfg = Debug|iPhone
		{85E2507F-3570-4E1D-B2F7-1C728DC5E57C}.Debug|Any CPU.Build.0 = Debug|iPhone
		{85E2507F-3570-4E1D-B2F7-1C728DC5E57C}.Debug|Any CPU.Deploy.0 = Debug|iPhone
		{85E2507F-3570-4E1D-B2F7-1C728DC5E57C}.Debug|iPhone.ActiveCfg = Debug|iPhone
		{85E2507F-3570-4E1D-B2F7-1C728DC5E57C}.Debug|iPhone.Build.0 = Debug|iPhone
		{85E2507F-3570-4E1D-B2F7-1C728DC5E57C}.Debug|iPhone.Deploy.0 = Debug|iPhone
		{85E2507F-3570-4E1D-B2F7-1C728DC5E57C}.Debug|iPhoneSimulator.ActiveCfg = Debug|iPhoneSimulator
		{85E2507F-3570-4E1D-B2F7-1C728DC5E57C}.Debug|iPhoneSimulator.Build.0 = Debug|iPhoneSimulator
		{85E2507F-3570-4E1D-B2F7-1C728DC5E57C}.Debug|iPhoneSimulator.Deploy.0 = Debug|iPhoneSimulator
		{85E2507F-3570-4E1D-B2F7-1C728DC5E57C}.Release|Any CPU.ActiveCfg = Release|iPhoneSimulator
		{85E2507F-3570-4E1D-B2F7-1C728DC5E57C}.Release|Any CPU.Build.0 = Release|iPhoneSimulator
		{85E2507F-3570-4E1D-B2F7-1C728DC5E57C}.Release|Any CPU.Deploy.0 = Release|iPhoneSimulator
		{85E2507F-3570-4E1D-B2F7-1C728DC5E57C}.Release|iPhone.ActiveCfg = Release|iPhone
		{85E2507F-3570-4E1D-B2F7-1C728DC5E57C}.Release|iPhone.Build.0 = Release|iPhone
		{85E2507F-3570-4E1D-B2F7-1C728DC5E57C}.Release|iPhone.Deploy.0 = Release|iPhone
		{85E2507F-3570-4E1D-B2F7-1C728DC5E57C}.Release|iPhoneSimulator.ActiveCfg = Release|iPhoneSimulator
		{85E2507F-3570-4E1D-B2F7-1C728DC5E57C}.Release|iPhoneSimulator.Build.0 = Release|iPhoneSimulator
		{85E2507F-3570-4E1D-B2F7-1C728DC5E57C}.Release|iPhoneSimulator.Deploy.0 = Release|iPhoneSimulator
		{4AECCAA9-F0A0-44E8-B8A8-C6AB2E8E43D3}.Debug|Any CPU.ActiveCfg = Debug|Any CPU
		{4AECCAA9-F0A0-44E8-B8A8-C6AB2E8E43D3}.Debug|Any CPU.Build.0 = Debug|Any CPU
		{4AECCAA9-F0A0-44E8-B8A8-C6AB2E8E43D3}.Debug|Any CPU.Deploy.0 = Debug|Any CPU
		{4AECCAA9-F0A0-44E8-B8A8-C6AB2E8E43D3}.Debug|iPhone.ActiveCfg = Debug|Any CPU
		{4AECCAA9-F0A0-44E8-B8A8-C6AB2E8E43D3}.Debug|iPhone.Build.0 = Debug|Any CPU
		{4AECCAA9-F0A0-44E8-B8A8-C6AB2E8E43D3}.Debug|iPhone.Deploy.0 = Debug|Any CPU
		{4AECCAA9-F0A0-44E8-B8A8-C6AB2E8E43D3}.Debug|iPhoneSimulator.ActiveCfg = Debug|Any CPU
		{4AECCAA9-F0A0-44E8-B8A8-C6AB2E8E43D3}.Debug|iPhoneSimulator.Build.0 = Debug|Any CPU
		{4AECCAA9-F0A0-44E8-B8A8-C6AB2E8E43D3}.Debug|iPhoneSimulator.Deploy.0 = Debug|Any CPU
		{4AECCAA9-F0A0-44E8-B8A8-C6AB2E8E43D3}.Release|Any CPU.ActiveCfg = Release|Any CPU
		{4AECCAA9-F0A0-44E8-B8A8-C6AB2E8E43D3}.Release|Any CPU.Build.0 = Release|Any CPU
		{4AECCAA9-F0A0-44E8-B8A8-C6AB2E8E43D3}.Release|Any CPU.Deploy.0 = Release|Any CPU
		{4AECCAA9-F0A0-44E8-B8A8-C6AB2E8E43D3}.Release|iPhone.ActiveCfg = Release|Any CPU
		{4AECCAA9-F0A0-44E8-B8A8-C6AB2E8E43D3}.Release|iPhone.Build.0 = Release|Any CPU
		{4AECCAA9-F0A0-44E8-B8A8-C6AB2E8E43D3}.Release|iPhone.Deploy.0 = Release|Any CPU
		{4AECCAA9-F0A0-44E8-B8A8-C6AB2E8E43D3}.Release|iPhoneSimulator.ActiveCfg = Release|Any CPU
		{4AECCAA9-F0A0-44E8-B8A8-C6AB2E8E43D3}.Release|iPhoneSimulator.Build.0 = Release|Any CPU
		{4AECCAA9-F0A0-44E8-B8A8-C6AB2E8E43D3}.Release|iPhoneSimulator.Deploy.0 = Release|Any CPU
	EndGlobalSection
	GlobalSection(SolutionProperties) = preSolution
		HideSolutionNode = FALSE
	EndGlobalSection
	GlobalSection(ExtensibilityGlobals) = postSolution
		SolutionGuid = {52FF5676-70CE-48D3-8F2B-77588F23ED74}
	EndGlobalSection
EndGlobal
